# This file is autogenerated, do not edit; changes may be undone by the next 'dep ensure'.


[[projects]]
  digest = "1:26ee1e365ea8f312ee11e170fc6675bac0dd3d4adf2406e753d0a43527e1afb8"
  name = "cloud.google.com/go"
  packages = ["compute/metadata"]
  pruneopts = "UT"
  revision = "264def2dd949cdb8a803bb9f50fa29a67b798a6a"
  version = "v0.46.3"

[[projects]]
  digest = "1:ffe9824d294da03b391f44e1ae8281281b4afc1bdaa9588c9097785e3af10cec"
  name = "github.com/davecgh/go-spew"
  packages = ["spew"]
  pruneopts = "UT"
  revision = "8991bc29aa16c548c550c7ff78260e27b9ab7c73"
  version = "v1.1.1"

[[projects]]
  digest = "1:e1ff887e232b2d8f4f7c7db15a5fac7be418025afc4dda53c59c765dbb5aa6b4"
  name = "github.com/go-playground/locales"
  packages = [
    ".",
    "currency",
  ]
  pruneopts = "UT"
  revision = "f63010822830b6fe52288ee52d5a1151088ce039"
  version = "v0.12.1"

[[projects]]
  digest = "1:e022cf244bcac1b6ef933f1a2e0adcf6a6dfd7b872d8d41e4d4179bb09a87cbc"
  name = "github.com/go-playground/universal-translator"
  packages = ["."]
  pruneopts = "UT"
  revision = "b32fa301c9fe55953584134cb6853a13c87ec0a1"
  version = "v0.16.0"

[[projects]]
  branch = "master"
  digest = "1:b7cb6054d3dff43b38ad2e92492f220f57ae6087ee797dca298139776749ace8"
  name = "github.com/golang/groupcache"
  packages = ["lru"]
  pruneopts = "UT"
  revision = "869f871628b6baa9cfbc11732cdf6546b17c1298"

[[projects]]
  digest = "1:f5ce1529abc1204444ec73779f44f94e2fa8fcdb7aca3c355b0c95947e4005c6"
  name = "github.com/golang/protobuf"
  packages = [
    "proto",
    "ptypes",
    "ptypes/any",
    "ptypes/duration",
    "ptypes/timestamp",
  ]
  pruneopts = "UT"
  revision = "6c65a5562fc06764971b7c5d05c76c75e84bdbf7"
  version = "v1.3.2"

[[projects]]
  digest = "1:766102087520f9d54f2acc72bd6637045900ac735b4a419b128d216f0c5c4876"
  name = "github.com/googleapis/gax-go"
  packages = ["v2"]
  pruneopts = "UT"
  revision = "bd5b16380fd03dc758d11cef74ba2e3bc8b0e8c2"
  version = "v2.0.5"

[[projects]]
  digest = "1:bf618941b014c2a86e4a6f39d4a26541c06fc63387fc50d4694d67eac2151f4a"
  name = "github.com/labstack/echo"
  packages = ["."]
  pruneopts = "UT"
  revision = "38772c686c76b501f94bd6cd5b77f5842e93b559"
  version = "v3.3.10"

[[projects]]
  digest = "1:9bc108827ac1d8783dea294f1ef07732fa4ca7d6e20518c04888a85828eba4ce"
  name = "github.com/labstack/gommon"
  packages = [
    "color",
    "log",
  ]
  pruneopts = "UT"
  revision = "4919956f6fb227b548f004da27c7c6b20fba499f"
  version = "v0.3.0"

[[projects]]
  digest = "1:6782ffc812e8e700e6952ede1e60487ff1fd9da489eff762985be662a7cfc431"
  name = "github.com/leodido/go-urn"
  packages = ["."]
  pruneopts = "UT"
  revision = "70078a794e8ea4b497ba7c19a78cd60f90ccf0f4"
  version = "v1.1.0"

[[projects]]
  digest = "1:7c084e0e780596dd2a7e20d25803909a9a43689c153de953520dfbc0b0e51166"
  name = "github.com/mattn/go-colorable"
  packages = ["."]
  pruneopts = "UT"
  revision = "8029fb3788e5a4a9c00e415f586a6d033f5d38b3"
  version = "v0.1.2"

[[projects]]
  digest = "1:36325ebb862e0382f2f14feef409ba9351271b89ada286ae56836c603d43b59c"
  name = "github.com/mattn/go-isatty"
  packages = ["."]
  pruneopts = "UT"
  revision = "e1f7b56ace729e4a73a29a6b4fac6cd5fcda7ab3"
  version = "v0.0.9"

[[projects]]
  digest = "1:0028cb19b2e4c3112225cd871870f2d9cf49b9b4276531f03438a88e94be86fe"
  name = "github.com/pmezard/go-difflib"
  packages = ["difflib"]
  pruneopts = "UT"
  revision = "792786c7400a136282c1664665ae0a8db921c6c2"
  version = "v1.0.0"

[[projects]]
  digest = "1:8548c309c65a85933a625be5e7d52b6ac927ca30c56869fae58123b8a77a75e1"
  name = "github.com/stretchr/testify"
  packages = ["assert"]
  pruneopts = "UT"
  revision = "221dbe5ed46703ee255b1da0dec05086f5035f62"
  version = "v1.4.0"

[[projects]]
  digest = "1:c468422f334a6b46a19448ad59aaffdfc0a36b08fdcc1c749a0b29b6453d7e59"
  name = "github.com/valyala/bytebufferpool"
  packages = ["."]
  pruneopts = "UT"
  revision = "e746df99fe4a3986f4d4f79e13c1e0117ce9c2f7"
  version = "v1.0.0"

[[projects]]
  digest = "1:4d29fdc69817829d8c78473d61613d984ce59675110cee7a2f0314f332cc70a2"
  name = "github.com/valyala/fasttemplate"
  packages = ["."]
  pruneopts = "UT"
  revision = "8b5e4e491ab636663841c42ea3c5a9adebabaf36"
  version = "v1.0.1"

[[projects]]
  digest = "1:b984f402fbabb0e9eb0476f0ecfa51d0b2ff11cd0ac03538d6284091033b39ae"
  name = "go.opencensus.io"
  packages = [
    ".",
    "internal",
    "internal/tagencoding",
    "metric/metricdata",
    "metric/metricproducer",
    "plugin/ochttp",
    "plugin/ochttp/propagation/b3",
    "resource",
    "stats",
    "stats/internal",
    "stats/view",
    "tag",
    "trace",
    "trace/internal",
    "trace/propagation",
    "trace/tracestate",
  ]
  pruneopts = "UT"
  revision = "59d1ce35d30f3c25ba762169da2a37eab6ffa041"
  version = "v0.22.1"

[[projects]]
  branch = "master"
  digest = "1:50acfcce301ae1aece810d1e12d00f3cda8b7c4b59a8466d022bdf3de4c55d8e"
  name = "golang.org/x/crypto"
  packages = [
    "acme",
    "acme/autocert",
    "bcrypt",
    "blowfish",
  ]
  pruneopts = "UT"
  revision = "227b76d455e791cb042b03e633e2f7fbcfdf74a5"

[[projects]]
  branch = "master"
  digest = "1:7a4eaae8773e8fccca11c5c60d5393235e2dc880356f1dc6bc753b114f17e0e6"
  name = "golang.org/x/net"
  packages = [
    "context",
    "context/ctxhttp",
    "http/httpguts",
    "http2",
    "http2/hpack",
    "idna",
    "internal/timeseries",
    "trace",
  ]
  pruneopts = "UT"
  revision = "a8b05e9114ab0cb08faec337c959aed24b68bf50"

[[projects]]
  branch = "master"
  digest = "1:31e33f76456ccf54819ab4a646cf01271d1a99d7712ab84bf1a9e7b61cd2031b"
  name = "golang.org/x/oauth2"
  packages = [
    ".",
    "google",
    "internal",
    "jws",
    "jwt",
  ]
  pruneopts = "UT"
  revision = "0f29369cfe4552d0e4bcddc57cc75f4d7e672a33"

[[projects]]
  branch = "master"
  digest = "1:ec9d9815894f067c7878330735b9e4dfa6dc61234d2ba136b60a1436d6b5ea94"
  name = "golang.org/x/sys"
  packages = ["unix"]
  pruneopts = "UT"
  revision = "0c1ff786ef13daa914a3351c5e6b0321aed5960e"

[[projects]]
  digest = "1:8d8faad6b12a3a4c819a3f9618cb6ee1fa1cfc33253abeeea8b55336721e3405"
  name = "golang.org/x/text"
  packages = [
    "collate",
    "collate/build",
    "internal/colltab",
    "internal/gen",
    "internal/language",
    "internal/language/compact",
    "internal/tag",
    "internal/triegen",
    "internal/ucd",
    "language",
    "secure/bidirule",
    "transform",
    "unicode/bidi",
    "unicode/cldr",
    "unicode/norm",
    "unicode/rangetable",
  ]
  pruneopts = "UT"
  revision = "342b2e1fbaa52c93f31447ad2c6abc048c63e475"
  version = "v0.3.2"

[[projects]]
  branch = "master"
  digest = "1:ca4be1062db2248716f5256664d138cfb082211f2bf40f8d9c0e9f9fe7e0bce8"
  name = "google.golang.org/api"
  packages = [
    "compute/v1",
    "deploymentmanager/v2",
    "googleapi",
    "googleapi/internal/uritemplates",
    "googleapi/transport",
    "internal",
    "internal/gensupport",
    "option",
    "pubsub/v1",
    "transport/http",
    "transport/http/internal/propagation",
  ]
  pruneopts = "UT"
  revision = "cf57179cab9af7dfe5de060c40ffa61f12824a88"

[[projects]]
  digest = "1:1d7d9aa791d76638b662449ce7b71720dbe2ed5b6562280b488ed4e5037fb524"
  name = "google.golang.org/appengine"
  packages = [
    ".",
    "aetest",
    "datastore",
    "datastore/internal/cloudkey",
    "datastore/internal/cloudpb",
    "internal",
    "internal/app_identity",
    "internal/base",
    "internal/datastore",
    "internal/log",
    "internal/modules",
    "internal/remote_api",
    "internal/taskqueue",
    "internal/urlfetch",
    "internal/user",
    "log",
    "taskqueue",
    "urlfetch",
    "user",
  ]
  pruneopts = "UT"
  revision = "5f2a59506353b8d5ba8cbbcd9f3c1f41f1eaf079"
  version = "v1.6.2"

[[projects]]
  branch = "master"
  digest = "1:583a0c80f5e3a9343d33aea4aead1e1afcc0043db66fdf961ddd1fe8cd3a4faf"
  name = "google.golang.org/genproto"
  packages = ["googleapis/rpc/status"]
  pruneopts = "UT"
  revision = "f660b865573183437d2d868f703fe88bb8af0b55"

[[projects]]
  digest = "1:2e18183989c76d073e9088f1a56f8b1c46ca920b74b529a50c2d7e5877ff18ac"
  name = "google.golang.org/grpc"
  packages = [
    ".",
    "balancer",
    "balancer/base",
    "balancer/roundrobin",
    "binarylog/grpc_binarylog_v1",
    "codes",
    "connectivity",
    "credentials",
    "credentials/internal",
    "encoding",
    "encoding/proto",
    "grpclog",
    "internal",
    "internal/backoff",
    "internal/balancerload",
    "internal/binarylog",
    "internal/channelz",
    "internal/envconfig",
    "internal/grpcrand",
    "internal/grpcsync",
    "internal/syscall",
    "internal/transport",
    "keepalive",
    "metadata",
    "naming",
    "peer",
    "resolver",
    "resolver/dns",
    "resolver/passthrough",
    "serviceconfig",
    "stats",
    "status",
    "tap",
  ]
  pruneopts = "UT"
  revision = "39e8a7b072a67ca2a75f57fa2e0d50995f5b22f6"
  version = "v1.23.1"

[[projects]]
  digest = "1:ffb045e56464a5f683830c7a8eec153d35c0444c77f6132bc531617ed58a94d2"
  name = "gopkg.in/go-playground/validator.v9"
  packages = ["."]
  pruneopts = "UT"
  revision = "556b9da3c05f2a935bc086fb5a0bb55dd8112d2d"
  version = "v9.29.1"

[[projects]]
  digest = "1:4d2e5a73dc1500038e504a8d78b986630e3626dc027bc030ba5c75da257cdb96"
  name = "gopkg.in/yaml.v2"
  packages = ["."]
  pruneopts = "UT"
  revision = "51d6538a90f86fe93ac480b35f37b2be17fef232"
  version = "v2.2.2"

[solve-meta]
  analyzer-name = "dep"
  analyzer-version = 1
  input-imports = [
    "github.com/labstack/echo",
    "github.com/stretchr/testify/assert",
    "golang.org/x/crypto/bcrypt",
    "golang.org/x/oauth2/google",
    "google.golang.org/api/compute/v1",
    "google.golang.org/api/deploymentmanager/v2",
    "google.golang.org/api/googleapi",
    "google.golang.org/api/pubsub/v1",
    "google.golang.org/appengine",
    "google.golang.org/appengine/aetest",
    "google.golang.org/appengine/datastore",
    "google.golang.org/appengine/log",
    "google.golang.org/appengine/taskqueue",
    "google.golang.org/appengine/user",
    "gopkg.in/go-playground/validator.v9",
  ]
  solver-name = "gps-cdcl"
  solver-version = 1
