# This file is autogenerated, do not edit; changes may be undone by the next 'dep ensure'.


[[projects]]
  name = "cloud.google.com/go"
  packages = ["compute/metadata","internal"]
  revision = "81b7822b1e798e8f17bf64b59512a5be4097e966"

[[projects]]
  name = "github.com/davecgh/go-spew"
  packages = ["spew"]
  revision = "04cdfd42973bb9c8589fd6a731800cf222fde1a9"

[[projects]]
  name = "github.com/go-playground/locales"
  packages = [".","currency"]
  revision = "273913d3b2ff7127452603d55dd3f6f888e4f268"
  version = "v0.10.3"

[[projects]]
  name = "github.com/go-playground/universal-translator"
  packages = ["."]
  revision = "8bf00f2bdf7faea5c3583d41f57bf1eb15b743d7"

[[projects]]
  name = "github.com/golang/protobuf"
  packages = ["proto"]
  revision = "8ee79997227bf9b34611aee7946ae64735e6fd93"

[[projects]]
  name = "github.com/googleapis/gax-go"
  packages = ["."]
  revision = "da06d194a00e19ce00d9011a13931c3f6f6887c7"

[[projects]]
  name = "github.com/labstack/echo"
  packages = ["."]
  revision = "49321f5829268d3ffc25cd59e0c874f8bb6ad35f"

[[projects]]
  name = "github.com/labstack/gommon"
  packages = ["color","log"]
  revision = "f72d3c883f8ea180da8f085dd320804c41332ad1"

[[projects]]
  name = "github.com/mattn/go-colorable"
  packages = ["."]
  revision = "d228849504861217f796da67fae4f6e347643f15"
  version = "v0.0.7"

[[projects]]
  name = "github.com/mattn/go-isatty"
  packages = ["."]
  revision = "30a891c33c7cde7b02a981314b4228ec99380cca"

[[projects]]
  name = "github.com/pmezard/go-difflib"
  packages = ["difflib"]
  revision = "d8ed2627bdf02c080bf22230dbb337003b7aba2d"

[[projects]]
  name = "github.com/stretchr/testify"
  packages = ["assert"]
  revision = "2402e8e7a02fc811447d11f881aa9746cdc57983"

[[projects]]
  name = "github.com/valyala/fasttemplate"
  packages = ["."]
  revision = "3b874956e03f1636d171bda64b130f9135f42cff"

[[projects]]
  name = "golang.org/x/crypto"
  packages = ["acme","acme/autocert","bcrypt","blowfish"]
  revision = "91902e332b9d47760598861512d2ae148f94ca58"

[[projects]]
  name = "golang.org/x/net"
  packages = ["context","context/ctxhttp","http2","http2/hpack","idna","internal/timeseries","lex/httplex","trace"]
  revision = "69d4b8aa71caaaa75c3dfc11211d1be495abec7c"

[[projects]]
  name = "golang.org/x/oauth2"
  packages = [".","google","internal","jws","jwt"]
  revision = "314dd2c0bf3ebd592ec0d20847d27e79d0dbe8dd"

[[projects]]
  name = "golang.org/x/sys"
  packages = ["unix"]
  revision = "d75a52659825e75fff6158388dddc6a5b04f9ba5"

[[projects]]
  name = "google.golang.org/api"
  packages = ["compute/v1","deploymentmanager/v2","gensupport","googleapi","googleapi/internal/uritemplates","pubsub/v1"]
  revision = "b9d03e6e091e36f9a089515bc84cf14c2d199c4c"

[[projects]]
  name = "google.golang.org/appengine"
  packages = [".","aetest","datastore","internal","internal/app_identity","internal/base","internal/datastore","internal/log","internal/modules","internal/remote_api","internal/taskqueue","internal/urlfetch","internal/user","log","taskqueue","urlfetch","user"]
  revision = "08a149cfaee099e6ce4be01c0113a78c85ee1dee"

[[projects]]
  name = "google.golang.org/grpc"
  packages = [".","codes","credentials","grpclog","internal","metadata","naming","peer","stats","tap","transport"]
  revision = "50955793b0183f9de69bd78e2ec251cf20aab121"

[[projects]]
  name = "gopkg.in/go-playground/validator.v9"
  packages = ["."]
  revision = "077c3830f3971d4a44a94c2249b67ce8c53198fc"
  version = "v9.3.2"

[solve-meta]
  analyzer-name = "dep"
  analyzer-version = 1
  inputs-digest = "4a7c0c6ded3050a5eaf1d73f79e85c28f572ec9d83aab2c84faae69fe8303ed2"
  solver-name = "gps-cdcl"
  solver-version = 1
